PODS:
  - ASIHTTPRequest (1.8.2):
    - ASIHTTPRequest/ASIWebPageRequest (= 1.8.2)
    - ASIHTTPRequest/CloudFiles (= 1.8.2)
    - ASIHTTPRequest/Core (= 1.8.2)
    - ASIHTTPRequest/S3 (= 1.8.2)
  - ASIHTTPRequest/ASIWebPageRequest (1.8.2):
    - ASIHTTPRequest/Core
  - ASIHTTPRequest/CloudFiles (1.8.2):
    - ASIHTTPRequest/Core
  - ASIHTTPRequest/Core (1.8.2):
    - Reachability
  - ASIHTTPRequest/S3 (1.8.2):
    - ASIHTTPRequest/Core
  - EGOCache (2.1.3)
  - FMDB (2.5):
    - FMDB/standard (= 2.5)
  - FMDB/common (2.5)
  - FMDB/standard (2.5):
    - FMDB/common
  - IBActionSheet (0.0.4)
  - JSONKit (1.5pre)
  - MBProgressHUD (0.9.1)
  - MBProgressHUDExtensions (0.0.1):
    - MBProgressHUD (~> 0.4)
  - pop (1.0.8)
  - PullToRefreshCoreText (0.2)
  - Reachability (3.2)
  - RegexKitLite (4.0)
  - SDWebImage (3.7.3):
    - SDWebImage/Core (= 3.7.3)
  - SDWebImage/Core (3.7.3)

DEPENDENCIES:
  - ASIHTTPRequest (~> 1.8.2)
  - EGOCache (~> 2.1)
  - FMDB (~> 2.4)
  - IBActionSheet (~> 0.0.1)
  - JSONKit (~> 1.5pre)
  - MBProgressHUD (~> 0.9)
  - MBProgressHUDExtensions (~> 0.0.1)
  - pop
  - PullToRefreshCoreText (~> 0.2)
  - RegexKitLite (~> 4.0)
  - SDWebImage (~> 3.7.1)

SPEC CHECKSUMS:
  ASIHTTPRequest: ec013992946676b7978dcbde6396d57312d21db4
  EGOCache: f0295dbe041156acabd39021354ad1045ee49e72
  FMDB: 96e8f1bcc1329e269330f99770ad4285d9003e52
  IBActionSheet: 14aac81ebfe94c98c9f072106200c2137453c070
  JSONKit: bae313ce6a6c444f40489a6c0b023f399888871f
  MBProgressHUD: c47f2c166c126cf2ce36498d80f33e754d4e93ad
  MBProgressHUDExtensions: f39a37dcc0bf6c7622470c5f5874116ef86ca22e
  pop: bb773ae2c791ca2629de13b347e7a8b450fa6a57
  PullToRefreshCoreText: c843e71fc5ae5b033c0281067368905efd05c7b2
  Reachability: 33e18b67625424e47b6cde6d202dce689ad7af96
  RegexKitLite: c0e4c12e6e7de0769f3a3ed679f0f61604170661
  SDWebImage: 1d2b1a1efda1ade1b00b6f8498865f8ddedc8a84

COCOAPODS: 0.39.0
