// !$*UTF8*$!
{
	archiveVersion = 1;
	classes = {
	};
	objectVersion = 46;
	objects = {

/* Begin PBXBuildFile section */
		07A5F624FE5EE0F51F080066 /* libPods.a in Frameworks */ = {isa = PBXBuildFile; fileRef = 08CE739E3CB4C3A92359F467 /* libPods.a */; };
		80A8BB761BF57D830005FC1F /* FBLoginViewController.m in Sources */ = {isa = PBXBuildFile; fileRef = 80A8BB751BF57D830005FC1F /* FBLoginViewController.m */; };
		80A8BB7B1BF592AB0005FC1F /* FBTextField.m in Sources */ = {isa = PBXBuildFile; fileRef = 80A8BB7A1BF592AB0005FC1F /* FBTextField.m */; };
		80A8BB841BF859C80005FC1F /* FBRequest.m in Sources */ = {isa = PBXBuildFile; fileRef = 80A8BB831BF859C80005FC1F /* FBRequest.m */; };
		80A8BB871BF8C64A0005FC1F /* FBAPI.m in Sources */ = {isa = PBXBuildFile; fileRef = 80A8BB861BF8C64A0005FC1F /* FBAPI.m */; };
		80A8BB891BF998AA0005FC1F /* LoginViewController.xib in Resources */ = {isa = PBXBuildFile; fileRef = 80A8BB881BF998AA0005FC1F /* LoginViewController.xib */; };
		80A8BB8C1BFA106D0005FC1F /* FBSignupViewController.m in Sources */ = {isa = PBXBuildFile; fileRef = 80A8BB8B1BFA106D0005FC1F /* FBSignupViewController.m */; };
		80A8BB8E1BFA10B50005FC1F /* SignupViewController.xib in Resources */ = {isa = PBXBuildFile; fileRef = 80A8BB8D1BFA10B50005FC1F /* SignupViewController.xib */; };
		80A8BB911BFA1BF50005FC1F /* FBForgotPasswordViewController.m in Sources */ = {isa = PBXBuildFile; fileRef = 80A8BB901BFA1BF50005FC1F /* FBForgotPasswordViewController.m */; };
		80A8BB931BFA1C100005FC1F /* ForgotPasswordViewController.xib in Resources */ = {isa = PBXBuildFile; fileRef = 80A8BB921BFA1C100005FC1F /* ForgotPasswordViewController.xib */; };
		80A8BB961BFA1FB10005FC1F /* FBResetPasswordViewController.m in Sources */ = {isa = PBXBuildFile; fileRef = 80A8BB951BFA1FB10005FC1F /* FBResetPasswordViewController.m */; };
		80A8BB981BFA1FD40005FC1F /* ResetPasswordViewController.xib in Resources */ = {isa = PBXBuildFile; fileRef = 80A8BB971BFA1FD40005FC1F /* ResetPasswordViewController.xib */; };
		80A8BB9B1BFAE2B20005FC1F /* FBOrderListViewController.m in Sources */ = {isa = PBXBuildFile; fileRef = 80A8BB9A1BFAE2B20005FC1F /* FBOrderListViewController.m */; };
		80A8BB9E1BFAE2C80005FC1F /* FBOrderDetailViewController.m in Sources */ = {isa = PBXBuildFile; fileRef = 80A8BB9D1BFAE2C80005FC1F /* FBOrderDetailViewController.m */; };
		80A8BBA01BFAE4120005FC1F /* OrderListViewController.xib in Resources */ = {isa = PBXBuildFile; fileRef = 80A8BB9F1BFAE4120005FC1F /* OrderListViewController.xib */; };
		80A8BBA21BFAE9040005FC1F /* CategoryCell.xib in Resources */ = {isa = PBXBuildFile; fileRef = 80A8BBA11BFAE9040005FC1F /* CategoryCell.xib */; };
		80A8BBA41BFAF8570005FC1F /* CategoryViewController.xib in Resources */ = {isa = PBXBuildFile; fileRef = 80A8BBA31BFAF8570005FC1F /* CategoryViewController.xib */; };
		80A8BBA71BFB16A40005FC1F /* FBCategoryCell.m in Sources */ = {isa = PBXBuildFile; fileRef = 80A8BBA61BFB16A40005FC1F /* FBCategoryCell.m */; };
		80A8BBAA1BFB5E5D0005FC1F /* FBProductListViewController.m in Sources */ = {isa = PBXBuildFile; fileRef = 80A8BBA91BFB5E5C0005FC1F /* FBProductListViewController.m */; };
		80A8BBB01BFB636E0005FC1F /* FBProductCell.m in Sources */ = {isa = PBXBuildFile; fileRef = 80A8BBAF1BFB636E0005FC1F /* FBProductCell.m */; };
		80A8BBB21BFB63BC0005FC1F /* ProductCell.xib in Resources */ = {isa = PBXBuildFile; fileRef = 80A8BBB11BFB63BC0005FC1F /* ProductCell.xib */; };
		80B86E111BF42E6D006D3A0B /* main.m in Sources */ = {isa = PBXBuildFile; fileRef = 80B86E101BF42E6D006D3A0B /* main.m */; };
		80B86E141BF42E6D006D3A0B /* AppDelegate.m in Sources */ = {isa = PBXBuildFile; fileRef = 80B86E131BF42E6D006D3A0B /* AppDelegate.m */; };
		80B86E1D1BF42E6D006D3A0B /* parrot.xcdatamodeld in Sources */ = {isa = PBXBuildFile; fileRef = 80B86E1B1BF42E6D006D3A0B /* parrot.xcdatamodeld */; };
		80B86E1F1BF42E6D006D3A0B /* Assets.xcassets in Resources */ = {isa = PBXBuildFile; fileRef = 80B86E1E1BF42E6D006D3A0B /* Assets.xcassets */; };
		80B86E341BF4346A006D3A0B /* FBAdModel.m in Sources */ = {isa = PBXBuildFile; fileRef = 80B86E331BF4346A006D3A0B /* FBAdModel.m */; };
		80B86E371BF434BA006D3A0B /* FBCategoryModel.m in Sources */ = {isa = PBXBuildFile; fileRef = 80B86E361BF434BA006D3A0B /* FBCategoryModel.m */; };
		80B86E3A1BF434DF006D3A0B /* FBUserModel.m in Sources */ = {isa = PBXBuildFile; fileRef = 80B86E391BF434DF006D3A0B /* FBUserModel.m */; };
		80B86E451BF436C1006D3A0B /* FBSlides.m in Sources */ = {isa = PBXBuildFile; fileRef = 80B86E441BF436C1006D3A0B /* FBSlides.m */; };
		80B86E481BF437C3006D3A0B /* FBUserManger.m in Sources */ = {isa = PBXBuildFile; fileRef = 80B86E471BF437C3006D3A0B /* FBUserManger.m */; };
		80B86E4B1BF438EE006D3A0B /* NSDictionary+ModelParse.m in Sources */ = {isa = PBXBuildFile; fileRef = 80B86E4A1BF438EE006D3A0B /* NSDictionary+ModelParse.m */; };
		80B86E4E1BF4392A006D3A0B /* NSString+FBMD5.m in Sources */ = {isa = PBXBuildFile; fileRef = 80B86E4D1BF4392A006D3A0B /* NSString+FBMD5.m */; };
		80B86E511BF43962006D3A0B /* NSMutableDictionary+AddSign.m in Sources */ = {isa = PBXBuildFile; fileRef = 80B86E501BF43962006D3A0B /* NSMutableDictionary+AddSign.m */; };
		80B86E531BF43A21006D3A0B /* MainViewController.xib in Resources */ = {isa = PBXBuildFile; fileRef = 80B86E521BF43A21006D3A0B /* MainViewController.xib */; };
		80B86E591BF43ADD006D3A0B /* FBAccountViewController.m in Sources */ = {isa = PBXBuildFile; fileRef = 80B86E581BF43ADD006D3A0B /* FBAccountViewController.m */; };
		80B86E5C1BF43AFA006D3A0B /* FBFindViewController.m in Sources */ = {isa = PBXBuildFile; fileRef = 80B86E5B1BF43AFA006D3A0B /* FBFindViewController.m */; };
		80B86E5F1BF43B20006D3A0B /* FBCategoryViewController.m in Sources */ = {isa = PBXBuildFile; fileRef = 80B86E5E1BF43B20006D3A0B /* FBCategoryViewController.m */; };
		80B86E621BF43B61006D3A0B /* FBTrialViewController.m in Sources */ = {isa = PBXBuildFile; fileRef = 80B86E611BF43B61006D3A0B /* FBTrialViewController.m */; };
		80B86E651BF43BD6006D3A0B /* FBMainViewController.m in Sources */ = {isa = PBXBuildFile; fileRef = 80B86E641BF43BD6006D3A0B /* FBMainViewController.m */; };
		80B86E681BF44FBA006D3A0B /* FBAddressModel.m in Sources */ = {isa = PBXBuildFile; fileRef = 80B86E671BF44FBA006D3A0B /* FBAddressModel.m */; };
		80B86E6B1BF44FFB006D3A0B /* FBOrderModel.m in Sources */ = {isa = PBXBuildFile; fileRef = 80B86E6A1BF44FFB006D3A0B /* FBOrderModel.m */; };
		80B86E6E1BF49085006D3A0B /* FBSkuModel.m in Sources */ = {isa = PBXBuildFile; fileRef = 80B86E6D1BF49085006D3A0B /* FBSkuModel.m */; };
		80B86E711BF49121006D3A0B /* FBProductModel.m in Sources */ = {isa = PBXBuildFile; fileRef = 80B86E701BF49121006D3A0B /* FBProductModel.m */; };
/* End PBXBuildFile section */

/* Begin PBXFileReference section */
		08CE739E3CB4C3A92359F467 /* libPods.a */ = {isa = PBXFileReference; explicitFileType = archive.ar; includeInIndex = 0; path = libPods.a; sourceTree = BUILT_PRODUCTS_DIR; };
		455767CE134872D5F82B50C5 /* Pods.release.xcconfig */ = {isa = PBXFileReference; includeInIndex = 1; lastKnownFileType = text.xcconfig; name = Pods.release.xcconfig; path = "Pods/Target Support Files/Pods/Pods.release.xcconfig"; sourceTree = "<group>"; };
		80A8BB741BF57D830005FC1F /* FBLoginViewController.h */ = {isa = PBXFileReference; fileEncoding = 4; lastKnownFileType = sourcecode.c.h; path = FBLoginViewController.h; sourceTree = "<group>"; };
		80A8BB751BF57D830005FC1F /* FBLoginViewController.m */ = {isa = PBXFileReference; fileEncoding = 4; lastKnownFileType = sourcecode.c.objc; path = FBLoginViewController.m; sourceTree = "<group>"; };
		80A8BB791BF592AB0005FC1F /* FBTextField.h */ = {isa = PBXFileReference; fileEncoding = 4; lastKnownFileType = sourcecode.c.h; path = FBTextField.h; sourceTree = "<group>"; };
		80A8BB7A1BF592AB0005FC1F /* FBTextField.m */ = {isa = PBXFileReference; fileEncoding = 4; lastKnownFileType = sourcecode.c.objc; path = FBTextField.m; sourceTree = "<group>"; };
		80A8BB821BF859C80005FC1F /* FBRequest.h */ = {isa = PBXFileReference; fileEncoding = 4; lastKnownFileType = sourcecode.c.h; path = FBRequest.h; sourceTree = "<group>"; };
		80A8BB831BF859C80005FC1F /* FBRequest.m */ = {isa = PBXFileReference; fileEncoding = 4; lastKnownFileType = sourcecode.c.objc; path = FBRequest.m; sourceTree = "<group>"; };
		80A8BB851BF8C64A0005FC1F /* FBAPI.h */ = {isa = PBXFileReference; fileEncoding = 4; lastKnownFileType = sourcecode.c.h; path = FBAPI.h; sourceTree = "<group>"; };
		80A8BB861BF8C64A0005FC1F /* FBAPI.m */ = {isa = PBXFileReference; fileEncoding = 4; lastKnownFileType = sourcecode.c.objc; path = FBAPI.m; sourceTree = "<group>"; };
		80A8BB881BF998AA0005FC1F /* LoginViewController.xib */ = {isa = PBXFileReference; fileEncoding = 4; lastKnownFileType = file.xib; path = LoginViewController.xib; sourceTree = "<group>"; };
		80A8BB8A1BFA106D0005FC1F /* FBSignupViewController.h */ = {isa = PBXFileReference; fileEncoding = 4; lastKnownFileType = sourcecode.c.h; path = FBSignupViewController.h; sourceTree = "<group>"; };
		80A8BB8B1BFA106D0005FC1F /* FBSignupViewController.m */ = {isa = PBXFileReference; fileEncoding = 4; lastKnownFileType = sourcecode.c.objc; path = FBSignupViewController.m; sourceTree = "<group>"; };
		80A8BB8D1BFA10B50005FC1F /* SignupViewController.xib */ = {isa = PBXFileReference; fileEncoding = 4; lastKnownFileType = file.xib; path = SignupViewController.xib; sourceTree = "<group>"; };
		80A8BB8F1BFA1BF50005FC1F /* FBForgotPasswordViewController.h */ = {isa = PBXFileReference; fileEncoding = 4; lastKnownFileType = sourcecode.c.h; path = FBForgotPasswordViewController.h; sourceTree = "<group>"; };
		80A8BB901BFA1BF50005FC1F /* FBForgotPasswordViewController.m */ = {isa = PBXFileReference; fileEncoding = 4; lastKnownFileType = sourcecode.c.objc; path = FBForgotPasswordViewController.m; sourceTree = "<group>"; };
		80A8BB921BFA1C100005FC1F /* ForgotPasswordViewController.xib */ = {isa = PBXFileReference; fileEncoding = 4; lastKnownFileType = file.xib; path = ForgotPasswordViewController.xib; sourceTree = "<group>"; };
		80A8BB941BFA1FB10005FC1F /* FBResetPasswordViewController.h */ = {isa = PBXFileReference; fileEncoding = 4; lastKnownFileType = sourcecode.c.h; path = FBResetPasswordViewController.h; sourceTree = "<group>"; };
		80A8BB951BFA1FB10005FC1F /* FBResetPasswordViewController.m */ = {isa = PBXFileReference; fileEncoding = 4; lastKnownFileType = sourcecode.c.objc; path = FBResetPasswordViewController.m; sourceTree = "<group>"; };
		80A8BB971BFA1FD40005FC1F /* ResetPasswordViewController.xib */ = {isa = PBXFileReference; fileEncoding = 4; lastKnownFileType = file.xib; path = ResetPasswordViewController.xib; sourceTree = "<group>"; };
		80A8BB991BFAE2B20005FC1F /* FBOrderListViewController.h */ = {isa = PBXFileReference; fileEncoding = 4; lastKnownFileType = sourcecode.c.h; path = FBOrderListViewController.h; sourceTree = "<group>"; };
		80A8BB9A1BFAE2B20005FC1F /* FBOrderListViewController.m */ = {isa = PBXFileReference; fileEncoding = 4; lastKnownFileType = sourcecode.c.objc; path = FBOrderListViewController.m; sourceTree = "<group>"; };
		80A8BB9C1BFAE2C80005FC1F /* FBOrderDetailViewController.h */ = {isa = PBXFileReference; fileEncoding = 4; lastKnownFileType = sourcecode.c.h; path = FBOrderDetailViewController.h; sourceTree = "<group>"; };
		80A8BB9D1BFAE2C80005FC1F /* FBOrderDetailViewController.m */ = {isa = PBXFileReference; fileEncoding = 4; lastKnownFileType = sourcecode.c.objc; path = FBOrderDetailViewController.m; sourceTree = "<group>"; };
		80A8BB9F1BFAE4120005FC1F /* OrderListViewController.xib */ = {isa = PBXFileReference; fileEncoding = 4; lastKnownFileType = file.xib; path = OrderListViewController.xib; sourceTree = "<group>"; };
		80A8BBA11BFAE9040005FC1F /* CategoryCell.xib */ = {isa = PBXFileReference; fileEncoding = 4; lastKnownFileType = file.xib; path = CategoryCell.xib; sourceTree = "<group>"; };
		80A8BBA31BFAF8570005FC1F /* CategoryViewController.xib */ = {isa = PBXFileReference; fileEncoding = 4; lastKnownFileType = file.xib; path = CategoryViewController.xib; sourceTree = "<group>"; };
		80A8BBA51BFB16A40005FC1F /* FBCategoryCell.h */ = {isa = PBXFileReference; fileEncoding = 4; lastKnownFileType = sourcecode.c.h; path = FBCategoryCell.h; sourceTree = "<group>"; };
		80A8BBA61BFB16A40005FC1F /* FBCategoryCell.m */ = {isa = PBXFileReference; fileEncoding = 4; lastKnownFileType = sourcecode.c.objc; path = FBCategoryCell.m; sourceTree = "<group>"; };
		80A8BBA81BFB5E5C0005FC1F /* FBProductListViewController.h */ = {isa = PBXFileReference; fileEncoding = 4; lastKnownFileType = sourcecode.c.h; path = FBProductListViewController.h; sourceTree = "<group>"; };
		80A8BBA91BFB5E5C0005FC1F /* FBProductListViewController.m */ = {isa = PBXFileReference; fileEncoding = 4; lastKnownFileType = sourcecode.c.objc; path = FBProductListViewController.m; sourceTree = "<group>"; };
		80A8BBAE1BFB636E0005FC1F /* FBProductCell.h */ = {isa = PBXFileReference; fileEncoding = 4; lastKnownFileType = sourcecode.c.h; path = FBProductCell.h; sourceTree = "<group>"; };
		80A8BBAF1BFB636E0005FC1F /* FBProductCell.m */ = {isa = PBXFileReference; fileEncoding = 4; lastKnownFileType = sourcecode.c.objc; path = FBProductCell.m; sourceTree = "<group>"; };
		80A8BBB11BFB63BC0005FC1F /* ProductCell.xib */ = {isa = PBXFileReference; fileEncoding = 4; lastKnownFileType = file.xib; path = ProductCell.xib; sourceTree = "<group>"; };
		80B86E0C1BF42E6D006D3A0B /* parrot.app */ = {isa = PBXFileReference; explicitFileType = wrapper.application; includeInIndex = 0; path = parrot.app; sourceTree = BUILT_PRODUCTS_DIR; };
		80B86E101BF42E6D006D3A0B /* main.m */ = {isa = PBXFileReference; lastKnownFileType = sourcecode.c.objc; path = main.m; sourceTree = "<group>"; };
		80B86E121BF42E6D006D3A0B /* AppDelegate.h */ = {isa = PBXFileReference; lastKnownFileType = sourcecode.c.h; path = AppDelegate.h; sourceTree = "<group>"; };
		80B86E131BF42E6D006D3A0B /* AppDelegate.m */ = {isa = PBXFileReference; lastKnownFileType = sourcecode.c.objc; path = AppDelegate.m; sourceTree = "<group>"; };
		80B86E1C1BF42E6D006D3A0B /* parrot.xcdatamodel */ = {isa = PBXFileReference; lastKnownFileType = wrapper.xcdatamodel; path = parrot.xcdatamodel; sourceTree = "<group>"; };
		80B86E1E1BF42E6D006D3A0B /* Assets.xcassets */ = {isa = PBXFileReference; lastKnownFileType = folder.assetcatalog; path = Assets.xcassets; sourceTree = "<group>"; };
		80B86E231BF42E6D006D3A0B /* Info.plist */ = {isa = PBXFileReference; lastKnownFileType = text.plist.xml; path = Info.plist; sourceTree = "<group>"; };
		80B86E311BF433FD006D3A0B /* FBConfig.h */ = {isa = PBXFileReference; lastKnownFileType = sourcecode.c.h; path = FBConfig.h; sourceTree = "<group>"; };
		80B86E321BF4346A006D3A0B /* FBAdModel.h */ = {isa = PBXFileReference; fileEncoding = 4; lastKnownFileType = sourcecode.c.h; path = FBAdModel.h; sourceTree = "<group>"; };
		80B86E331BF4346A006D3A0B /* FBAdModel.m */ = {isa = PBXFileReference; fileEncoding = 4; lastKnownFileType = sourcecode.c.objc; path = FBAdModel.m; sourceTree = "<group>"; };
		80B86E351BF434BA006D3A0B /* FBCategoryModel.h */ = {isa = PBXFileReference; fileEncoding = 4; lastKnownFileType = sourcecode.c.h; path = FBCategoryModel.h; sourceTree = "<group>"; };
		80B86E361BF434BA006D3A0B /* FBCategoryModel.m */ = {isa = PBXFileReference; fileEncoding = 4; lastKnownFileType = sourcecode.c.objc; path = FBCategoryModel.m; sourceTree = "<group>"; };
		80B86E381BF434DF006D3A0B /* FBUserModel.h */ = {isa = PBXFileReference; fileEncoding = 4; lastKnownFileType = sourcecode.c.h; path = FBUserModel.h; sourceTree = "<group>"; };
		80B86E391BF434DF006D3A0B /* FBUserModel.m */ = {isa = PBXFileReference; fileEncoding = 4; lastKnownFileType = sourcecode.c.objc; path = FBUserModel.m; sourceTree = "<group>"; };
		80B86E431BF436C1006D3A0B /* FBSlides.h */ = {isa = PBXFileReference; fileEncoding = 4; lastKnownFileType = sourcecode.c.h; path = FBSlides.h; sourceTree = "<group>"; };
		80B86E441BF436C1006D3A0B /* FBSlides.m */ = {isa = PBXFileReference; fileEncoding = 4; lastKnownFileType = sourcecode.c.objc; path = FBSlides.m; sourceTree = "<group>"; };
		80B86E461BF437C3006D3A0B /* FBUserManger.h */ = {isa = PBXFileReference; fileEncoding = 4; lastKnownFileType = sourcecode.c.h; path = FBUserManger.h; sourceTree = "<group>"; };
		80B86E471BF437C3006D3A0B /* FBUserManger.m */ = {isa = PBXFileReference; fileEncoding = 4; lastKnownFileType = sourcecode.c.objc; path = FBUserManger.m; sourceTree = "<group>"; };
		80B86E491BF438EE006D3A0B /* NSDictionary+ModelParse.h */ = {isa = PBXFileReference; fileEncoding = 4; lastKnownFileType = sourcecode.c.h; path = "NSDictionary+ModelParse.h"; sourceTree = "<group>"; };
		80B86E4A1BF438EE006D3A0B /* NSDictionary+ModelParse.m */ = {isa = PBXFileReference; fileEncoding = 4; lastKnownFileType = sourcecode.c.objc; path = "NSDictionary+ModelParse.m"; sourceTree = "<group>"; };
		80B86E4C1BF4392A006D3A0B /* NSString+FBMD5.h */ = {isa = PBXFileReference; fileEncoding = 4; lastKnownFileType = sourcecode.c.h; path = "NSString+FBMD5.h"; sourceTree = "<group>"; };
		80B86E4D1BF4392A006D3A0B /* NSString+FBMD5.m */ = {isa = PBXFileReference; fileEncoding = 4; lastKnownFileType = sourcecode.c.objc; path = "NSString+FBMD5.m"; sourceTree = "<group>"; };
		80B86E4F1BF43962006D3A0B /* NSMutableDictionary+AddSign.h */ = {isa = PBXFileReference; fileEncoding = 4; lastKnownFileType = sourcecode.c.h; path = "NSMutableDictionary+AddSign.h"; sourceTree = "<group>"; };
		80B86E501BF43962006D3A0B /* NSMutableDictionary+AddSign.m */ = {isa = PBXFileReference; fileEncoding = 4; lastKnownFileType = sourcecode.c.objc; path = "NSMutableDictionary+AddSign.m"; sourceTree = "<group>"; };
		80B86E521BF43A21006D3A0B /* MainViewController.xib */ = {isa = PBXFileReference; fileEncoding = 4; lastKnownFileType = file.xib; path = MainViewController.xib; sourceTree = "<group>"; };
		80B86E571BF43ADD006D3A0B /* FBAccountViewController.h */ = {isa = PBXFileReference; fileEncoding = 4; lastKnownFileType = sourcecode.c.h; path = FBAccountViewController.h; sourceTree = "<group>"; };
		80B86E581BF43ADD006D3A0B /* FBAccountViewController.m */ = {isa = PBXFileReference; fileEncoding = 4; lastKnownFileType = sourcecode.c.objc; path = FBAccountViewController.m; sourceTree = "<group>"; };
		80B86E5A1BF43AFA006D3A0B /* FBFindViewController.h */ = {isa = PBXFileReference; fileEncoding = 4; lastKnownFileType = sourcecode.c.h; path = FBFindViewController.h; sourceTree = "<group>"; };
		80B86E5B1BF43AFA006D3A0B /* FBFindViewController.m */ = {isa = PBXFileReference; fileEncoding = 4; lastKnownFileType = sourcecode.c.objc; path = FBFindViewController.m; sourceTree = "<group>"; };
		80B86E5D1BF43B20006D3A0B /* FBCategoryViewController.h */ = {isa = PBXFileReference; fileEncoding = 4; lastKnownFileType = sourcecode.c.h; path = FBCategoryViewController.h; sourceTree = "<group>"; };
		80B86E5E1BF43B20006D3A0B /* FBCategoryViewController.m */ = {isa = PBXFileReference; fileEncoding = 4; lastKnownFileType = sourcecode.c.objc; path = FBCategoryViewController.m; sourceTree = "<group>"; };
		80B86E601BF43B61006D3A0B /* FBTrialViewController.h */ = {isa = PBXFileReference; fileEncoding = 4; lastKnownFileType = sourcecode.c.h; path = FBTrialViewController.h; sourceTree = "<group>"; };
		80B86E611BF43B61006D3A0B /* FBTrialViewController.m */ = {isa = PBXFileReference; fileEncoding = 4; lastKnownFileType = sourcecode.c.objc; path = FBTrialViewController.m; sourceTree = "<group>"; };
		80B86E631BF43BD6006D3A0B /* FBMainViewController.h */ = {isa = PBXFileReference; fileEncoding = 4; lastKnownFileType = sourcecode.c.h; path = FBMainViewController.h; sourceTree = "<group>"; };
		80B86E641BF43BD6006D3A0B /* FBMainViewController.m */ = {isa = PBXFileReference; fileEncoding = 4; lastKnownFileType = sourcecode.c.objc; path = FBMainViewController.m; sourceTree = "<group>"; };
		80B86E661BF44FBA006D3A0B /* FBAddressModel.h */ = {isa = PBXFileReference; fileEncoding = 4; lastKnownFileType = sourcecode.c.h; path = FBAddressModel.h; sourceTree = "<group>"; };
		80B86E671BF44FBA006D3A0B /* FBAddressModel.m */ = {isa = PBXFileReference; fileEncoding = 4; lastKnownFileType = sourcecode.c.objc; path = FBAddressModel.m; sourceTree = "<group>"; };
		80B86E691BF44FFB006D3A0B /* FBOrderModel.h */ = {isa = PBXFileReference; fileEncoding = 4; lastKnownFileType = sourcecode.c.h; path = FBOrderModel.h; sourceTree = "<group>"; };
		80B86E6A1BF44FFB006D3A0B /* FBOrderModel.m */ = {isa = PBXFileReference; fileEncoding = 4; lastKnownFileType = sourcecode.c.objc; path = FBOrderModel.m; sourceTree = "<group>"; };
		80B86E6C1BF49085006D3A0B /* FBSkuModel.h */ = {isa = PBXFileReference; fileEncoding = 4; lastKnownFileType = sourcecode.c.h; path = FBSkuModel.h; sourceTree = "<group>"; };
		80B86E6D1BF49085006D3A0B /* FBSkuModel.m */ = {isa = PBXFileReference; fileEncoding = 4; lastKnownFileType = sourcecode.c.objc; path = FBSkuModel.m; sourceTree = "<group>"; };
		80B86E6F1BF49121006D3A0B /* FBProductModel.h */ = {isa = PBXFileReference; fileEncoding = 4; lastKnownFileType = sourcecode.c.h; path = FBProductModel.h; sourceTree = "<group>"; };
		80B86E701BF49121006D3A0B /* FBProductModel.m */ = {isa = PBXFileReference; fileEncoding = 4; lastKnownFileType = sourcecode.c.objc; path = FBProductModel.m; sourceTree = "<group>"; };
		CE1142730BC66BE730729B30 /* Pods.debug.xcconfig */ = {isa = PBXFileReference; includeInIndex = 1; lastKnownFileType = text.xcconfig; name = Pods.debug.xcconfig; path = "Pods/Target Support Files/Pods/Pods.debug.xcconfig"; sourceTree = "<group>"; };
/* End PBXFileReference section */

/* Begin PBXFrameworksBuildPhase section */
		80B86E091BF42E6D006D3A0B /* Frameworks */ = {
			isa = PBXFrameworksBuildPhase;
			buildActionMask = 2147483647;
			files = (
				07A5F624FE5EE0F51F080066 /* libPods.a in Frameworks */,
			);
			runOnlyForDeploymentPostprocessing = 0;
		};
/* End PBXFrameworksBuildPhase section */

/* Begin PBXGroup section */
		80A8BB7C1BF5C3CC0005FC1F /* View */ = {
			isa = PBXGroup;
			children = (
				80A8BBA51BFB16A40005FC1F /* FBCategoryCell.h */,
				80A8BBA61BFB16A40005FC1F /* FBCategoryCell.m */,
				80A8BBAE1BFB636E0005FC1F /* FBProductCell.h */,
				80A8BBAF1BFB636E0005FC1F /* FBProductCell.m */,
			);
			name = View;
			sourceTree = "<group>";
		};
		80B86E031BF42E6D006D3A0B = {
			isa = PBXGroup;
			children = (
				80B86E0E1BF42E6D006D3A0B /* parrot */,
				80B86E0D1BF42E6D006D3A0B /* Products */,
				B2DFE02F5AE81DECB6975A72 /* Pods */,
				B379020E94BD65702BBF361D /* Frameworks */,
			);
			sourceTree = "<group>";
		};
		80B86E0D1BF42E6D006D3A0B /* Products */ = {
			isa = PBXGroup;
			children = (
				80B86E0C1BF42E6D006D3A0B /* parrot.app */,
			);
			name = Products;
			sourceTree = "<group>";
		};
		80B86E0E1BF42E6D006D3A0B /* parrot */ = {
			isa = PBXGroup;
			children = (
				80A8BB7C1BF5C3CC0005FC1F /* View */,
				80B86E2D1BF432E8006D3A0B /* Classes */,
				80B86E2C1BF432DE006D3A0B /* Resources */,
				80B86E2B1BF432D1006D3A0B /* Helper */,
				80B86E2A1BF432AF006D3A0B /* Controller */,
				80B86E291BF43287006D3A0B /* Model */,
				80B86E121BF42E6D006D3A0B /* AppDelegate.h */,
				80B86E131BF42E6D006D3A0B /* AppDelegate.m */,
				80B86E1E1BF42E6D006D3A0B /* Assets.xcassets */,
				80B86E231BF42E6D006D3A0B /* Info.plist */,
				80B86E1B1BF42E6D006D3A0B /* parrot.xcdatamodeld */,
				80B86E0F1BF42E6D006D3A0B /* Supporting Files */,
			);
			path = parrot;
			sourceTree = "<group>";
		};
		80B86E0F1BF42E6D006D3A0B /* Supporting Files */ = {
			isa = PBXGroup;
			children = (
				80B86E101BF42E6D006D3A0B /* main.m */,
			);
			name = "Supporting Files";
			sourceTree = "<group>";
		};
		80B86E291BF43287006D3A0B /* Model */ = {
			isa = PBXGroup;
			children = (
				80B86E321BF4346A006D3A0B /* FBAdModel.h */,
				80B86E331BF4346A006D3A0B /* FBAdModel.m */,
				80B86E351BF434BA006D3A0B /* FBCategoryModel.h */,
				80B86E361BF434BA006D3A0B /* FBCategoryModel.m */,
				80B86E381BF434DF006D3A0B /* FBUserModel.h */,
				80B86E391BF434DF006D3A0B /* FBUserModel.m */,
				80B86E661BF44FBA006D3A0B /* FBAddressModel.h */,
				80B86E671BF44FBA006D3A0B /* FBAddressModel.m */,
				80B86E691BF44FFB006D3A0B /* FBOrderModel.h */,
				80B86E6A1BF44FFB006D3A0B /* FBOrderModel.m */,
				80B86E6C1BF49085006D3A0B /* FBSkuModel.h */,
				80B86E6D1BF49085006D3A0B /* FBSkuModel.m */,
				80B86E6F1BF49121006D3A0B /* FBProductModel.h */,
				80B86E701BF49121006D3A0B /* FBProductModel.m */,
			);
			name = Model;
			sourceTree = "<group>";
		};
		80B86E2A1BF432AF006D3A0B /* Controller */ = {
			isa = PBXGroup;
			children = (
				80B86E571BF43ADD006D3A0B /* FBAccountViewController.h */,
				80B86E581BF43ADD006D3A0B /* FBAccountViewController.m */,
				80B86E5A1BF43AFA006D3A0B /* FBFindViewController.h */,
				80B86E5B1BF43AFA006D3A0B /* FBFindViewController.m */,
				80B86E5D1BF43B20006D3A0B /* FBCategoryViewController.h */,
				80B86E5E1BF43B20006D3A0B /* FBCategoryViewController.m */,
				80B86E601BF43B61006D3A0B /* FBTrialViewController.h */,
				80B86E611BF43B61006D3A0B /* FBTrialViewController.m */,
				80B86E631BF43BD6006D3A0B /* FBMainViewController.h */,
				80B86E641BF43BD6006D3A0B /* FBMainViewController.m */,
				80A8BB741BF57D830005FC1F /* FBLoginViewController.h */,
				80A8BB751BF57D830005FC1F /* FBLoginViewController.m */,
				80A8BB8A1BFA106D0005FC1F /* FBSignupViewController.h */,
				80A8BB8B1BFA106D0005FC1F /* FBSignupViewController.m */,
				80A8BB8F1BFA1BF50005FC1F /* FBForgotPasswordViewController.h */,
				80A8BB901BFA1BF50005FC1F /* FBForgotPasswordViewController.m */,
				80A8BB941BFA1FB10005FC1F /* FBResetPasswordViewController.h */,
				80A8BB951BFA1FB10005FC1F /* FBResetPasswordViewController.m */,
				80A8BB991BFAE2B20005FC1F /* FBOrderListViewController.h */,
				80A8BB9A1BFAE2B20005FC1F /* FBOrderListViewController.m */,
				80A8BB9C1BFAE2C80005FC1F /* FBOrderDetailViewController.h */,
				80A8BB9D1BFAE2C80005FC1F /* FBOrderDetailViewController.m */,
				80A8BBA81BFB5E5C0005FC1F /* FBProductListViewController.h */,
				80A8BBA91BFB5E5C0005FC1F /* FBProductListViewController.m */,
			);
			name = Controller;
			sourceTree = "<group>";
		};
		80B86E2B1BF432D1006D3A0B /* Helper */ = {
			isa = PBXGroup;
			children = (
				80B86E491BF438EE006D3A0B /* NSDictionary+ModelParse.h */,
				80B86E4A1BF438EE006D3A0B /* NSDictionary+ModelParse.m */,
				80B86E4C1BF4392A006D3A0B /* NSString+FBMD5.h */,
				80B86E4D1BF4392A006D3A0B /* NSString+FBMD5.m */,
				80B86E4F1BF43962006D3A0B /* NSMutableDictionary+AddSign.h */,
				80B86E501BF43962006D3A0B /* NSMutableDictionary+AddSign.m */,
			);
			name = Helper;
			sourceTree = "<group>";
		};
		80B86E2C1BF432DE006D3A0B /* Resources */ = {
			isa = PBXGroup;
			children = (
				80B86E521BF43A21006D3A0B /* MainViewController.xib */,
				80A8BB881BF998AA0005FC1F /* LoginViewController.xib */,
				80A8BB8D1BFA10B50005FC1F /* SignupViewController.xib */,
				80A8BB921BFA1C100005FC1F /* ForgotPasswordViewController.xib */,
				80A8BB971BFA1FD40005FC1F /* ResetPasswordViewController.xib */,
				80A8BB9F1BFAE4120005FC1F /* OrderListViewController.xib */,
				80A8BBA11BFAE9040005FC1F /* CategoryCell.xib */,
				80A8BBA31BFAF8570005FC1F /* CategoryViewController.xib */,
				80A8BBB11BFB63BC0005FC1F /* ProductCell.xib */,
			);
			name = Resources;
			sourceTree = "<group>";
		};
		80B86E2D1BF432E8006D3A0B /* Classes */ = {
			isa = PBXGroup;
			children = (
				80A8BB791BF592AB0005FC1F /* FBTextField.h */,
				80A8BB7A1BF592AB0005FC1F /* FBTextField.m */,
				80B86E311BF433FD006D3A0B /* FBConfig.h */,
				80B86E431BF436C1006D3A0B /* FBSlides.h */,
				80B86E441BF436C1006D3A0B /* FBSlides.m */,
				80B86E461BF437C3006D3A0B /* FBUserManger.h */,
				80B86E471BF437C3006D3A0B /* FBUserManger.m */,
				80A8BB821BF859C80005FC1F /* FBRequest.h */,
				80A8BB831BF859C80005FC1F /* FBRequest.m */,
				80A8BB851BF8C64A0005FC1F /* FBAPI.h */,
				80A8BB861BF8C64A0005FC1F /* FBAPI.m */,
			);
			name = Classes;
			sourceTree = "<group>";
		};
		B2DFE02F5AE81DECB6975A72 /* Pods */ = {
			isa = PBXGroup;
			children = (
				CE1142730BC66BE730729B30 /* Pods.debug.xcconfig */,
				455767CE134872D5F82B50C5 /* Pods.release.xcconfig */,
			);
			name = Pods;
			sourceTree = "<group>";
		};
		B379020E94BD65702BBF361D /* Frameworks */ = {
			isa = PBXGroup;
			children = (
				08CE739E3CB4C3A92359F467 /* libPods.a */,
			);
			name = Frameworks;
			sourceTree = "<group>";
		};
/* End PBXGroup section */

/* Begin PBXNativeTarget section */
		80B86E0B1BF42E6D006D3A0B /* parrot */ = {
			isa = PBXNativeTarget;
			buildConfigurationList = 80B86E261BF42E6D006D3A0B /* Build configuration list for PBXNativeTarget "parrot" */;
			buildPhases = (
				D587FF6624806B9C9DBE7872 /* Check Pods Manifest.lock */,
				80B86E081BF42E6D006D3A0B /* Sources */,
				80B86E091BF42E6D006D3A0B /* Frameworks */,
				80B86E0A1BF42E6D006D3A0B /* Resources */,
				693E5601E55DD555366EA52D /* Embed Pods Frameworks */,
				6B174AE09C1154A8984A23DA /* Copy Pods Resources */,
			);
			buildRules = (
			);
			dependencies = (
			);
			name = parrot;
			productName = parrot;
			productReference = 80B86E0C1BF42E6D006D3A0B /* parrot.app */;
			productType = "com.apple.product-type.application";
		};
/* End PBXNativeTarget section */

/* Begin PBXProject section */
		80B86E041BF42E6D006D3A0B /* Project object */ = {
			isa = PBXProject;
			attributes = {
				LastUpgradeCheck = 0710;
				ORGANIZATIONNAME = taihuoniao;
				TargetAttributes = {
					80B86E0B1BF42E6D006D3A0B = {
						CreatedOnToolsVersion = 7.1;
					};
				};
			};
			buildConfigurationList = 80B86E071BF42E6D006D3A0B /* Build configuration list for PBXProject "parrot" */;
			compatibilityVersion = "Xcode 3.2";
			developmentRegion = English;
			hasScannedForEncodings = 0;
			knownRegions = (
				en,
				Base,
			);
			mainGroup = 80B86E031BF42E6D006D3A0B;
			productRefGroup = 80B86E0D1BF42E6D006D3A0B /* Products */;
			projectDirPath = "";
			projectRoot = "";
			targets = (
				80B86E0B1BF42E6D006D3A0B /* parrot */,
			);
		};
/* End PBXProject section */

/* Begin PBXResourcesBuildPhase section */
		80B86E0A1BF42E6D006D3A0B /* Resources */ = {
			isa = PBXResourcesBuildPhase;
			buildActionMask = 2147483647;
			files = (
				80A8BB931BFA1C100005FC1F /* ForgotPasswordViewController.xib in Resources */,
				80A8BB891BF998AA0005FC1F /* LoginViewController.xib in Resources */,
				80A8BB981BFA1FD40005FC1F /* ResetPasswordViewController.xib in Resources */,
				80A8BBA01BFAE4120005FC1F /* OrderListViewController.xib in Resources */,
				80A8BB8E1BFA10B50005FC1F /* SignupViewController.xib in Resources */,
				80A8BBA41BFAF8570005FC1F /* CategoryViewController.xib in Resources */,
				80B86E1F1BF42E6D006D3A0B /* Assets.xcassets in Resources */,
				80A8BBB21BFB63BC0005FC1F /* ProductCell.xib in Resources */,
				80B86E531BF43A21006D3A0B /* MainViewController.xib in Resources */,
				80A8BBA21BFAE9040005FC1F /* CategoryCell.xib in Resources */,
			);
			runOnlyForDeploymentPostprocessing = 0;
		};
/* End PBXResourcesBuildPhase section */

/* Begin PBXShellScriptBuildPhase section */
		693E5601E55DD555366EA52D /* Embed Pods Frameworks */ = {
			isa = PBXShellScriptBuildPhase;
			buildActionMask = 2147483647;
			files = (
			);
			inputPaths = (
			);
			name = "Embed Pods Frameworks";
			outputPaths = (
			);
			runOnlyForDeploymentPostprocessing = 0;
			shellPath = /bin/sh;
			shellScript = "\"${SRCROOT}/Pods/Target Support Files/Pods/Pods-frameworks.sh\"\n";
			showEnvVarsInLog = 0;
		};
		6B174AE09C1154A8984A23DA /* Copy Pods Resources */ = {
			isa = PBXShellScriptBuildPhase;
			buildActionMask = 2147483647;
			files = (
			);
			inputPaths = (
			);
			name = "Copy Pods Resources";
			outputPaths = (
			);
			runOnlyForDeploymentPostprocessing = 0;
			shellPath = /bin/sh;
			shellScript = "\"${SRCROOT}/Pods/Target Support Files/Pods/Pods-resources.sh\"\n";
			showEnvVarsInLog = 0;
		};
		D587FF6624806B9C9DBE7872 /* Check Pods Manifest.lock */ = {
			isa = PBXShellScriptBuildPhase;
			buildActionMask = 2147483647;
			files = (
			);
			inputPaths = (
			);
			name = "Check Pods Manifest.lock";
			outputPaths = (
			);
			runOnlyForDeploymentPostprocessing = 0;
			shellPath = /bin/sh;
			shellScript = "diff \"${PODS_ROOT}/../Podfile.lock\" \"${PODS_ROOT}/Manifest.lock\" > /dev/null\nif [[ $? != 0 ]] ; then\n    cat << EOM\nerror: The sandbox is not in sync with the Podfile.lock. Run 'pod install' or update your CocoaPods installation.\nEOM\n    exit 1\nfi\n";
			showEnvVarsInLog = 0;
		};
/* End PBXShellScriptBuildPhase section */

/* Begin PBXSourcesBuildPhase section */
		80B86E081BF42E6D006D3A0B /* Sources */ = {
			isa = PBXSourcesBuildPhase;
			buildActionMask = 2147483647;
			files = (
				80B86E3A1BF434DF006D3A0B /* FBUserModel.m in Sources */,
				80A8BB841BF859C80005FC1F /* FBRequest.m in Sources */,
				80B86E621BF43B61006D3A0B /* FBTrialViewController.m in Sources */,
				80A8BB871BF8C64A0005FC1F /* FBAPI.m in Sources */,
				80B86E141BF42E6D006D3A0B /* AppDelegate.m in Sources */,
				80A8BB7B1BF592AB0005FC1F /* FBTextField.m in Sources */,
				80B86E681BF44FBA006D3A0B /* FBAddressModel.m in Sources */,
				80B86E6E1BF49085006D3A0B /* FBSkuModel.m in Sources */,
				80A8BB961BFA1FB10005FC1F /* FBResetPasswordViewController.m in Sources */,
				80A8BB8C1BFA106D0005FC1F /* FBSignupViewController.m in Sources */,
				80B86E451BF436C1006D3A0B /* FBSlides.m in Sources */,
				80B86E711BF49121006D3A0B /* FBProductModel.m in Sources */,
				80B86E4E1BF4392A006D3A0B /* NSString+FBMD5.m in Sources */,
				80B86E371BF434BA006D3A0B /* FBCategoryModel.m in Sources */,
				80B86E651BF43BD6006D3A0B /* FBMainViewController.m in Sources */,
				80A8BB911BFA1BF50005FC1F /* FBForgotPasswordViewController.m in Sources */,
				80B86E5F1BF43B20006D3A0B /* FBCategoryViewController.m in Sources */,
				80A8BBA71BFB16A40005FC1F /* FBCategoryCell.m in Sources */,
				80B86E591BF43ADD006D3A0B /* FBAccountViewController.m in Sources */,
				80A8BBB01BFB636E0005FC1F /* FBProductCell.m in Sources */,
				80B86E111BF42E6D006D3A0B /* main.m in Sources */,
				80B86E341BF4346A006D3A0B /* FBAdModel.m in Sources */,
				80A8BBAA1BFB5E5D0005FC1F /* FBProductListViewController.m in Sources */,
				80B86E481BF437C3006D3A0B /* FBUserManger.m in Sources */,
				80A8BB761BF57D830005FC1F /* FBLoginViewController.m in Sources */,
				80B86E4B1BF438EE006D3A0B /* NSDictionary+ModelParse.m in Sources */,
				80B86E511BF43962006D3A0B /* NSMutableDictionary+AddSign.m in Sources */,
				80B86E1D1BF42E6D006D3A0B /* parrot.xcdatamodeld in Sources */,
				80B86E6B1BF44FFB006D3A0B /* FBOrderModel.m in Sources */,
				80A8BB9E1BFAE2C80005FC1F /* FBOrderDetailViewController.m in Sources */,
				80B86E5C1BF43AFA006D3A0B /* FBFindViewController.m in Sources */,
				80A8BB9B1BFAE2B20005FC1F /* FBOrderListViewController.m in Sources */,
			);
			runOnlyForDeploymentPostprocessing = 0;
		};
/* End PBXSourcesBuildPhase section */

/* Begin XCBuildConfiguration section */
		80B86E241BF42E6D006D3A0B /* Debug */ = {
			isa = XCBuildConfiguration;
			buildSettings = {
				ALWAYS_SEARCH_USER_PATHS = NO;
				CLANG_CXX_LANGUAGE_STANDARD = "gnu++0x";
				CLANG_CXX_LIBRARY = "libc++";
				CLANG_ENABLE_MODULES = YES;
				CLANG_ENABLE_OBJC_ARC = YES;
				CLANG_WARN_BOOL_CONVERSION = YES;
				CLANG_WARN_CONSTANT_CONVERSION = YES;
				CLANG_WARN_DIRECT_OBJC_ISA_USAGE = YES_ERROR;
				CLANG_WARN_EMPTY_BODY = YES;
				CLANG_WARN_ENUM_CONVERSION = YES;
				CLANG_WARN_INT_CONVERSION = YES;
				CLANG_WARN_OBJC_ROOT_CLASS = YES_ERROR;
				CLANG_WARN_UNREACHABLE_CODE = YES;
				CLANG_WARN__DUPLICATE_METHOD_MATCH = YES;
				"CODE_SIGN_IDENTITY[sdk=iphoneos*]" = "iPhone Developer";
				COPY_PHASE_STRIP = NO;
				DEBUG_INFORMATION_FORMAT = dwarf;
				ENABLE_STRICT_OBJC_MSGSEND = YES;
				ENABLE_TESTABILITY = YES;
				GCC_C_LANGUAGE_STANDARD = gnu99;
				GCC_DYNAMIC_NO_PIC = NO;
				GCC_NO_COMMON_BLOCKS = YES;
				GCC_OPTIMIZATION_LEVEL = 0;
				GCC_PREPROCESSOR_DEFINITIONS = (
					"DEBUG=1",
					"$(inherited)",
				);
				GCC_WARN_64_TO_32_BIT_CONVERSION = YES;
				GCC_WARN_ABOUT_RETURN_TYPE = YES_ERROR;
				GCC_WARN_UNDECLARED_SELECTOR = YES;
				GCC_WARN_UNINITIALIZED_AUTOS = YES_AGGRESSIVE;
				GCC_WARN_UNUSED_FUNCTION = YES;
				GCC_WARN_UNUSED_VARIABLE = YES;
				IPHONEOS_DEPLOYMENT_TARGET = 9.1;
				MTL_ENABLE_DEBUG_INFO = YES;
				ONLY_ACTIVE_ARCH = YES;
				SDKROOT = iphoneos;
			};
			name = Debug;
		};
		80B86E251BF42E6D006D3A0B /* Release */ = {
			isa = XCBuildConfiguration;
			buildSettings = {
				ALWAYS_SEARCH_USER_PATHS = NO;
				CLANG_CXX_LANGUAGE_STANDARD = "gnu++0x";
				CLANG_CXX_LIBRARY = "libc++";
				CLANG_ENABLE_MODULES = YES;
				CLANG_ENABLE_OBJC_ARC = YES;
				CLANG_WARN_BOOL_CONVERSION = YES;
				CLANG_WARN_CONSTANT_CONVERSION = YES;
				CLANG_WARN_DIRECT_OBJC_ISA_USAGE = YES_ERROR;
				CLANG_WARN_EMPTY_BODY = YES;
				CLANG_WARN_ENUM_CONVERSION = YES;
				CLANG_WARN_INT_CONVERSION = YES;
				CLANG_WARN_OBJC_ROOT_CLASS = YES_ERROR;
				CLANG_WARN_UNREACHABLE_CODE = YES;
				CLANG_WARN__DUPLICATE_METHOD_MATCH = YES;
				"CODE_SIGN_IDENTITY[sdk=iphoneos*]" = "iPhone Developer";
				COPY_PHASE_STRIP = NO;
				DEBUG_INFORMATION_FORMAT = "dwarf-with-dsym";
				ENABLE_NS_ASSERTIONS = NO;
				ENABLE_STRICT_OBJC_MSGSEND = YES;
				GCC_C_LANGUAGE_STANDARD = gnu99;
				GCC_NO_COMMON_BLOCKS = YES;
				GCC_WARN_64_TO_32_BIT_CONVERSION = YES;
				GCC_WARN_ABOUT_RETURN_TYPE = YES_ERROR;
				GCC_WARN_UNDECLARED_SELECTOR = YES;
				GCC_WARN_UNINITIALIZED_AUTOS = YES_AGGRESSIVE;
				GCC_WARN_UNUSED_FUNCTION = YES;
				GCC_WARN_UNUSED_VARIABLE = YES;
				IPHONEOS_DEPLOYMENT_TARGET = 9.1;
				MTL_ENABLE_DEBUG_INFO = NO;
				SDKROOT = iphoneos;
				VALIDATE_PRODUCT = YES;
			};
			name = Release;
		};
		80B86E271BF42E6D006D3A0B /* Debug */ = {
			isa = XCBuildConfiguration;
			baseConfigurationReference = CE1142730BC66BE730729B30 /* Pods.debug.xcconfig */;
			buildSettings = {
				ASSETCATALOG_COMPILER_APPICON_NAME = AppIcon;
				ASSETCATALOG_COMPILER_LAUNCHIMAGE_NAME = "Brand Assets";
				INFOPLIST_FILE = parrot/Info.plist;
				IPHONEOS_DEPLOYMENT_TARGET = 7.0;
				LD_RUNPATH_SEARCH_PATHS = "$(inherited) @executable_path/Frameworks";
				PRODUCT_BUNDLE_IDENTIFIER = com.taihuoniao.parrot;
				PRODUCT_NAME = "$(TARGET_NAME)";
			};
			name = Debug;
		};
		80B86E281BF42E6D006D3A0B /* Release */ = {
			isa = XCBuildConfiguration;
			baseConfigurationReference = 455767CE134872D5F82B50C5 /* Pods.release.xcconfig */;
			buildSettings = {
				ASSETCATALOG_COMPILER_APPICON_NAME = AppIcon;
				ASSETCATALOG_COMPILER_LAUNCHIMAGE_NAME = "Brand Assets";
				INFOPLIST_FILE = parrot/Info.plist;
				IPHONEOS_DEPLOYMENT_TARGET = 7.0;
				LD_RUNPATH_SEARCH_PATHS = "$(inherited) @executable_path/Frameworks";
				PRODUCT_BUNDLE_IDENTIFIER = com.taihuoniao.parrot;
				PRODUCT_NAME = "$(TARGET_NAME)";
			};
			name = Release;
		};
/* End XCBuildConfiguration section */

/* Begin XCConfigurationList section */
		80B86E071BF42E6D006D3A0B /* Build configuration list for PBXProject "parrot" */ = {
			isa = XCConfigurationList;
			buildConfigurations = (
				80B86E241BF42E6D006D3A0B /* Debug */,
				80B86E251BF42E6D006D3A0B /* Release */,
			);
			defaultConfigurationIsVisible = 0;
			defaultConfigurationName = Release;
		};
		80B86E261BF42E6D006D3A0B /* Build configuration list for PBXNativeTarget "parrot" */ = {
			isa = XCConfigurationList;
			buildConfigurations = (
				80B86E271BF42E6D006D3A0B /* Debug */,
				80B86E281BF42E6D006D3A0B /* Release */,
			);
			defaultConfigurationIsVisible = 0;
			defaultConfigurationName = Release;
		};
/* End XCConfigurationList section */

/* Begin XCVersionGroup section */
		80B86E1B1BF42E6D006D3A0B /* parrot.xcdatamodeld */ = {
			isa = XCVersionGroup;
			children = (
				80B86E1C1BF42E6D006D3A0B /* parrot.xcdatamodel */,
			);
			currentVersion = 80B86E1C1BF42E6D006D3A0B /* parrot.xcdatamodel */;
			path = parrot.xcdatamodeld;
			sourceTree = "<group>";
			versionGroupType = wrapper.xcdatamodel;
		};
/* End XCVersionGroup section */
	};
	rootObject = 80B86E041BF42E6D006D3A0B /* Project object */;
}
